{
  "version": "5",
  "specifiers": {
    "jsr:@floq/floq@^0.0.2": "0.0.2",
    "jsr:@floq/scheduler@^0.0.1": "0.0.1",
    "npm:@effect/platform-node@0.91": "0.91.0_@effect+cluster@0.43.1__@effect+platform@0.88.2___effect@3.17.7__@effect+rpc@0.65.2___@effect+platform@0.88.2____effect@3.17.7___effect@3.17.7__@effect+sql@0.42.1___@effect+experimental@0.52.2____@effect+platform@0.88.2_____effect@3.17.7____effect@3.17.7___@effect+platform@0.88.2____effect@3.17.7___effect@3.17.7__@effect+workflow@0.5.1___@effect+platform@0.88.2____effect@3.17.7___@effect+rpc@0.65.2____@effect+platform@0.88.2_____effect@3.17.7____effect@3.17.7___effect@3.17.7__effect@3.17.7_@effect+platform@0.88.2__effect@3.17.7_@effect+rpc@0.65.2__@effect+platform@0.88.2___effect@3.17.7__effect@3.17.7_@effect+sql@0.42.1__@effect+experimental@0.52.2___@effect+platform@0.88.2____effect@3.17.7___effect@3.17.7__@effect+platform@0.88.2___effect@3.17.7__effect@3.17.7_effect@3.17.7",
    "npm:@effect/platform@~0.88.1": "0.88.2_effect@3.17.7",
    "npm:@hono/zod-openapi@~0.18.3": "0.18.4_hono@4.9.0_zod@3.25.76",
    "npm:@scalar/hono-api-reference@~0.5.184": "0.5.184_hono@4.9.0",
    "npm:@types/node@*": "22.15.15",
    "npm:effect@^3.16.16": "3.17.7",
    "npm:hono@^4.6.13": "4.9.0"
  },
  "jsr": {
    "@floq/floq@0.0.2": {
      "integrity": "564eeeed8999e03b2f8861cd37f3ead9fc734d45513704acf4c27d406ee2b47c",
      "dependencies": [
        "jsr:@floq/scheduler",
        "npm:@hono/zod-openapi",
        "npm:hono"
      ]
    },
    "@floq/scheduler@0.0.1": {
      "integrity": "951baf394e61538f166df37e931acb5cc032341663c11723e279772faef4909b"
    }
  },
  "npm": {
    "@asteasolutions/zod-to-openapi@7.3.4_zod@3.25.76": {
      "integrity": "sha512-/2rThQ5zPi9OzVwes6U7lK1+Yvug0iXu25olp7S0XsYmOqnyMfxH7gdSQjn/+DSOHRg7wnotwGJSyL+fBKdnEA==",
      "dependencies": [
        "openapi3-ts",
        "zod"
      ]
    },
    "@effect/cluster@0.43.1_@effect+platform@0.88.2__effect@3.17.7_@effect+rpc@0.65.2__@effect+platform@0.88.2___effect@3.17.7__effect@3.17.7_@effect+sql@0.42.1__@effect+experimental@0.52.2___@effect+platform@0.88.2____effect@3.17.7___effect@3.17.7__@effect+platform@0.88.2___effect@3.17.7__effect@3.17.7_@effect+workflow@0.5.1__@effect+platform@0.88.2___effect@3.17.7__@effect+rpc@0.65.2___@effect+platform@0.88.2____effect@3.17.7___effect@3.17.7__effect@3.17.7_effect@3.17.7": {
      "integrity": "sha512-BbEOYTooynjIYDc2hy570S0BtoPA3TsWiGfOaCvOhB3ErL/83o8YeSrncHgKwWGCfsCrW9Rbkb+i+YV0qWx7vg==",
      "dependencies": [
        "@effect/platform",
        "@effect/rpc",
        "@effect/sql",
        "@effect/workflow",
        "effect"
      ]
    },
    "@effect/experimental@0.52.2_@effect+platform@0.88.2__effect@3.17.7_effect@3.17.7": {
      "integrity": "sha512-CotYjNLYvSAsYYwTE1/NUr/XkiupoYi941lq3NWGrJrYWov3T6v3Gg2om/n29/WqoMYpnFn0ka2AixTWhcq9dg==",
      "dependencies": [
        "@effect/platform",
        "effect",
        "uuid"
      ]
    },
    "@effect/platform-node-shared@0.44.0_@effect+cluster@0.43.1__@effect+platform@0.88.2___effect@3.17.7__@effect+rpc@0.65.2___@effect+platform@0.88.2____effect@3.17.7___effect@3.17.7__@effect+sql@0.42.1___@effect+experimental@0.52.2____@effect+platform@0.88.2_____effect@3.17.7____effect@3.17.7___@effect+platform@0.88.2____effect@3.17.7___effect@3.17.7__@effect+workflow@0.5.1___@effect+platform@0.88.2____effect@3.17.7___@effect+rpc@0.65.2____@effect+platform@0.88.2_____effect@3.17.7____effect@3.17.7___effect@3.17.7__effect@3.17.7_@effect+platform@0.88.2__effect@3.17.7_@effect+rpc@0.65.2__@effect+platform@0.88.2___effect@3.17.7__effect@3.17.7_@effect+sql@0.42.1__@effect+experimental@0.52.2___@effect+platform@0.88.2____effect@3.17.7___effect@3.17.7__@effect+platform@0.88.2___effect@3.17.7__effect@3.17.7_effect@3.17.7": {
      "integrity": "sha512-UvMExEu5TUdlzJRe2O87K8+ttie0VfA26J/82uAXCAMCmi139EQvzBEbX7yE1iYIruH9CmypKXKFLU61VxSlnw==",
      "dependencies": [
        "@effect/cluster",
        "@effect/platform",
        "@effect/rpc",
        "@effect/sql",
        "@parcel/watcher",
        "effect",
        "multipasta",
        "ws"
      ]
    },
    "@effect/platform-node@0.91.0_@effect+cluster@0.43.1__@effect+platform@0.88.2___effect@3.17.7__@effect+rpc@0.65.2___@effect+platform@0.88.2____effect@3.17.7___effect@3.17.7__@effect+sql@0.42.1___@effect+experimental@0.52.2____@effect+platform@0.88.2_____effect@3.17.7____effect@3.17.7___@effect+platform@0.88.2____effect@3.17.7___effect@3.17.7__@effect+workflow@0.5.1___@effect+platform@0.88.2____effect@3.17.7___@effect+rpc@0.65.2____@effect+platform@0.88.2_____effect@3.17.7____effect@3.17.7___effect@3.17.7__effect@3.17.7_@effect+platform@0.88.2__effect@3.17.7_@effect+rpc@0.65.2__@effect+platform@0.88.2___effect@3.17.7__effect@3.17.7_@effect+sql@0.42.1__@effect+experimental@0.52.2___@effect+platform@0.88.2____effect@3.17.7___effect@3.17.7__@effect+platform@0.88.2___effect@3.17.7__effect@3.17.7_effect@3.17.7": {
      "integrity": "sha512-oHDcCilVLX1YEK6u0ukaNuYb03wLaCUTlws5JaGXsBjjdMlf3+bEW9i30bKFmf+B+uXheflf8X3MyZ3p94sXZA==",
      "dependencies": [
        "@effect/cluster",
        "@effect/platform",
        "@effect/platform-node-shared",
        "@effect/rpc",
        "@effect/sql",
        "effect",
        "mime",
        "undici",
        "ws"
      ]
    },
    "@effect/platform@0.88.2_effect@3.17.7": {
      "integrity": "sha512-JnPCfQz1y8ZED2OBxU82iFBT43fXrl26N+PEFtLWn1EedG6C6AwFvwbpFkICF3G2Qj/ZZ153xZaAxtVOPu4WTg==",
      "dependencies": [
        "@opentelemetry/semantic-conventions",
        "effect",
        "find-my-way-ts",
        "msgpackr",
        "multipasta"
      ]
    },
    "@effect/rpc@0.65.2_@effect+platform@0.88.2__effect@3.17.7_effect@3.17.7": {
      "integrity": "sha512-YRd9D5+1k5kniaAFbboEYbMH/jew8LmWMOS0C3s1w5ORqVQ5jggLIW0j3jpz/hofFLCQcNxiuSU1sP/a1k3pUg==",
      "dependencies": [
        "@effect/platform",
        "effect"
      ]
    },
    "@effect/sql@0.42.1_@effect+experimental@0.52.2__@effect+platform@0.88.2___effect@3.17.7__effect@3.17.7_@effect+platform@0.88.2__effect@3.17.7_effect@3.17.7": {
      "integrity": "sha512-fVbHAS7iQ+SoySBNmpmXSDYxbJF8Am/1giJqXBQIhZdeXCI3q0+dAU7yjcGjorwRj7GaGdB05MeguV4BWRMWDg==",
      "dependencies": [
        "@effect/experimental",
        "@effect/platform",
        "@opentelemetry/semantic-conventions",
        "effect",
        "uuid"
      ]
    },
    "@effect/workflow@0.5.1_@effect+platform@0.88.2__effect@3.17.7_@effect+rpc@0.65.2__@effect+platform@0.88.2___effect@3.17.7__effect@3.17.7_effect@3.17.7": {
      "integrity": "sha512-xPIMar+EXiOAl7QEhzLteE0CoYbsjtsWventyzzWrF3CvxoWNdZuBKtKx7rnyovNYLUr5FdXHz5mmj1tjamVOg==",
      "dependencies": [
        "@effect/platform",
        "@effect/rpc",
        "effect"
      ]
    },
    "@hono/zod-openapi@0.18.4_hono@4.9.0_zod@3.25.76": {
      "integrity": "sha512-6NHMHU96Hh32B1yDhb94Z4Z5/POsmEu2AXpWLWcBq9arskRnOMt2752yEoXoADV8WUAc7H1IkNaQHGj1ytXbYw==",
      "dependencies": [
        "@asteasolutions/zod-to-openapi",
        "@hono/zod-validator",
        "hono",
        "zod"
      ]
    },
    "@hono/zod-validator@0.4.3_hono@4.9.0_zod@3.25.76": {
      "integrity": "sha512-xIgMYXDyJ4Hj6ekm9T9Y27s080Nl9NXHcJkOvkXPhubOLj8hZkOL8pDnnXfvCf5xEE8Q4oMFenQUZZREUY2gqQ==",
      "dependencies": [
        "hono",
        "zod"
      ]
    },
    "@msgpackr-extract/msgpackr-extract-darwin-arm64@3.0.3": {
      "integrity": "sha512-QZHtlVgbAdy2zAqNA9Gu1UpIuI8Xvsd1v8ic6B2pZmeFnFcMWiPLfWXh7TVw4eGEZ/C9TH281KwhVoeQUKbyjw==",
      "os": ["darwin"],
      "cpu": ["arm64"]
    },
    "@msgpackr-extract/msgpackr-extract-darwin-x64@3.0.3": {
      "integrity": "sha512-mdzd3AVzYKuUmiWOQ8GNhl64/IoFGol569zNRdkLReh6LRLHOXxU4U8eq0JwaD8iFHdVGqSy4IjFL4reoWCDFw==",
      "os": ["darwin"],
      "cpu": ["x64"]
    },
    "@msgpackr-extract/msgpackr-extract-linux-arm64@3.0.3": {
      "integrity": "sha512-YxQL+ax0XqBJDZiKimS2XQaf+2wDGVa1enVRGzEvLLVFeqa5kx2bWbtcSXgsxjQB7nRqqIGFIcLteF/sHeVtQg==",
      "os": ["linux"],
      "cpu": ["arm64"]
    },
    "@msgpackr-extract/msgpackr-extract-linux-arm@3.0.3": {
      "integrity": "sha512-fg0uy/dG/nZEXfYilKoRe7yALaNmHoYeIoJuJ7KJ+YyU2bvY8vPv27f7UKhGRpY6euFYqEVhxCFZgAUNQBM3nw==",
      "os": ["linux"],
      "cpu": ["arm"]
    },
    "@msgpackr-extract/msgpackr-extract-linux-x64@3.0.3": {
      "integrity": "sha512-cvwNfbP07pKUfq1uH+S6KJ7dT9K8WOE4ZiAcsrSes+UY55E/0jLYc+vq+DO7jlmqRb5zAggExKm0H7O/CBaesg==",
      "os": ["linux"],
      "cpu": ["x64"]
    },
    "@msgpackr-extract/msgpackr-extract-win32-x64@3.0.3": {
      "integrity": "sha512-x0fWaQtYp4E6sktbsdAqnehxDgEc/VwM7uLsRCYWaiGu0ykYdZPiS8zCWdnjHwyiumousxfBm4SO31eXqwEZhQ==",
      "os": ["win32"],
      "cpu": ["x64"]
    },
    "@opentelemetry/semantic-conventions@1.36.0": {
      "integrity": "sha512-TtxJSRD8Ohxp6bKkhrm27JRHAxPczQA7idtcTOMYI+wQRRrfgqxHv1cFbCApcSnNjtXkmzFozn6jQtFrOmbjPQ=="
    },
    "@parcel/watcher-android-arm64@2.5.1": {
      "integrity": "sha512-KF8+j9nNbUN8vzOFDpRMsaKBHZ/mcjEjMToVMJOhTozkDonQFFrRcfdLWn6yWKCmJKmdVxSgHiYvTCef4/qcBA==",
      "os": ["android"],
      "cpu": ["arm64"]
    },
    "@parcel/watcher-darwin-arm64@2.5.1": {
      "integrity": "sha512-eAzPv5osDmZyBhou8PoF4i6RQXAfeKL9tjb3QzYuccXFMQU0ruIc/POh30ePnaOyD1UXdlKguHBmsTs53tVoPw==",
      "os": ["darwin"],
      "cpu": ["arm64"]
    },
    "@parcel/watcher-darwin-x64@2.5.1": {
      "integrity": "sha512-1ZXDthrnNmwv10A0/3AJNZ9JGlzrF82i3gNQcWOzd7nJ8aj+ILyW1MTxVk35Db0u91oD5Nlk9MBiujMlwmeXZg==",
      "os": ["darwin"],
      "cpu": ["x64"]
    },
    "@parcel/watcher-freebsd-x64@2.5.1": {
      "integrity": "sha512-SI4eljM7Flp9yPuKi8W0ird8TI/JK6CSxju3NojVI6BjHsTyK7zxA9urjVjEKJ5MBYC+bLmMcbAWlZ+rFkLpJQ==",
      "os": ["freebsd"],
      "cpu": ["x64"]
    },
    "@parcel/watcher-linux-arm-glibc@2.5.1": {
      "integrity": "sha512-RCdZlEyTs8geyBkkcnPWvtXLY44BCeZKmGYRtSgtwwnHR4dxfHRG3gR99XdMEdQ7KeiDdasJwwvNSF5jKtDwdA==",
      "os": ["linux"],
      "cpu": ["arm"]
    },
    "@parcel/watcher-linux-arm-musl@2.5.1": {
      "integrity": "sha512-6E+m/Mm1t1yhB8X412stiKFG3XykmgdIOqhjWj+VL8oHkKABfu/gjFj8DvLrYVHSBNC+/u5PeNrujiSQ1zwd1Q==",
      "os": ["linux"],
      "cpu": ["arm"]
    },
    "@parcel/watcher-linux-arm64-glibc@2.5.1": {
      "integrity": "sha512-LrGp+f02yU3BN9A+DGuY3v3bmnFUggAITBGriZHUREfNEzZh/GO06FF5u2kx8x+GBEUYfyTGamol4j3m9ANe8w==",
      "os": ["linux"],
      "cpu": ["arm64"]
    },
    "@parcel/watcher-linux-arm64-musl@2.5.1": {
      "integrity": "sha512-cFOjABi92pMYRXS7AcQv9/M1YuKRw8SZniCDw0ssQb/noPkRzA+HBDkwmyOJYp5wXcsTrhxO0zq1U11cK9jsFg==",
      "os": ["linux"],
      "cpu": ["arm64"]
    },
    "@parcel/watcher-linux-x64-glibc@2.5.1": {
      "integrity": "sha512-GcESn8NZySmfwlTsIur+49yDqSny2IhPeZfXunQi48DMugKeZ7uy1FX83pO0X22sHntJ4Ub+9k34XQCX+oHt2A==",
      "os": ["linux"],
      "cpu": ["x64"]
    },
    "@parcel/watcher-linux-x64-musl@2.5.1": {
      "integrity": "sha512-n0E2EQbatQ3bXhcH2D1XIAANAcTZkQICBPVaxMeaCVBtOpBZpWJuf7LwyWPSBDITb7In8mqQgJ7gH8CILCURXg==",
      "os": ["linux"],
      "cpu": ["x64"]
    },
    "@parcel/watcher-win32-arm64@2.5.1": {
      "integrity": "sha512-RFzklRvmc3PkjKjry3hLF9wD7ppR4AKcWNzH7kXR7GUe0Igb3Nz8fyPwtZCSquGrhU5HhUNDr/mKBqj7tqA2Vw==",
      "os": ["win32"],
      "cpu": ["arm64"]
    },
    "@parcel/watcher-win32-ia32@2.5.1": {
      "integrity": "sha512-c2KkcVN+NJmuA7CGlaGD1qJh1cLfDnQsHjE89E60vUEMlqduHGCdCLJCID5geFVM0dOtA3ZiIO8BoEQmzQVfpQ==",
      "os": ["win32"],
      "cpu": ["ia32"]
    },
    "@parcel/watcher-win32-x64@2.5.1": {
      "integrity": "sha512-9lHBdJITeNR++EvSQVUcaZoWupyHfXe1jZvGZ06O/5MflPcuPLtEphScIBL+AiCWBO46tDSHzWyD0uDmmZqsgA==",
      "os": ["win32"],
      "cpu": ["x64"]
    },
    "@parcel/watcher@2.5.1": {
      "integrity": "sha512-dfUnCxiN9H4ap84DvD2ubjw+3vUNpstxa0TneY/Paat8a3R4uQZDLSvWjmznAY/DoahqTHl9V46HF/Zs3F29pg==",
      "dependencies": [
        "detect-libc@1.0.3",
        "is-glob",
        "micromatch",
        "node-addon-api"
      ],
      "optionalDependencies": [
        "@parcel/watcher-android-arm64",
        "@parcel/watcher-darwin-arm64",
        "@parcel/watcher-darwin-x64",
        "@parcel/watcher-freebsd-x64",
        "@parcel/watcher-linux-arm-glibc",
        "@parcel/watcher-linux-arm-musl",
        "@parcel/watcher-linux-arm64-glibc",
        "@parcel/watcher-linux-arm64-musl",
        "@parcel/watcher-linux-x64-glibc",
        "@parcel/watcher-linux-x64-musl",
        "@parcel/watcher-win32-arm64",
        "@parcel/watcher-win32-ia32",
        "@parcel/watcher-win32-x64"
      ],
      "scripts": true
    },
    "@scalar/core@0.1.1": {
      "integrity": "sha512-7qnZp8ykrXoKScFIZcwt638CuFFyj7G3SsgVfD5liNgb533K8/lhWqdmp1vK2u4BKKJ9GBAPKMlWZE/+yA8WTw==",
      "dependencies": [
        "@scalar/types"
      ]
    },
    "@scalar/hono-api-reference@0.5.184_hono@4.9.0": {
      "integrity": "sha512-vRSRwJkN1Xo5dW9KYQJlGpKZ+Nh9qH+x1sn0qf6/Lx8QLPyyEpNm1EEddKaIN6qd5wrtVjDN6adQhfAfcYGHzw==",
      "dependencies": [
        "@scalar/core",
        "hono"
      ]
    },
    "@scalar/openapi-types@0.1.9": {
      "integrity": "sha512-HQQudOSQBU7ewzfnBW9LhDmBE2XOJgSfwrh5PlUB7zJup/kaRkBGNgV2wMjNz9Af/uztiU/xNrO179FysmUT+g=="
    },
    "@scalar/types@0.0.40": {
      "integrity": "sha512-0J6o+yZzgZEvl3KhvLTAGiXXyrCeEPKvs9gUWQDf1Rb5NfFxF0lA10ougCQCwVJIguWNEzZfOUiSoAFzGy2EqQ==",
      "dependencies": [
        "@scalar/openapi-types",
        "@unhead/schema",
        "zod"
      ]
    },
    "@standard-schema/spec@1.0.0": {
      "integrity": "sha512-m2bOd0f2RT9k8QJx1JN85cZYyH1RqFBdlwtkSlf4tBDYLCiiZnv1fIIwacK6cqwXavOydf0NPToMQgpKq+dVlA=="
    },
    "@types/node@22.15.15": {
      "integrity": "sha512-R5muMcZob3/Jjchn5LcO8jdKwSCbzqmPB6ruBxMcf9kbxtniZHP327s6C37iOfuw8mbKK3cAQa7sEl7afLrQ8A==",
      "dependencies": [
        "undici-types"
      ]
    },
    "@unhead/schema@1.11.20": {
      "integrity": "sha512-0zWykKAaJdm+/Y7yi/Yds20PrUK7XabLe9c3IRcjnwYmSWY6z0Cr19VIs3ozCj8P+GhR+/TI2mwtGlueCEYouA==",
      "dependencies": [
        "hookable",
        "zhead"
      ]
    },
    "braces@3.0.3": {
      "integrity": "sha512-yQbXgO/OSZVD2IsiLlro+7Hf6Q18EJrKSEsdoMzKePKXct3gvD8oLcOQdIzGupr5Fj+EDe8gO/lxc1BzfMpxvA==",
      "dependencies": [
        "fill-range"
      ]
    },
    "detect-libc@1.0.3": {
      "integrity": "sha512-pGjwhsmsp4kL2RTz08wcOlGN83otlqHeD/Z5T8GXZB+/YcpQ/dgo+lbU8ZsGxV0HIvqqxo9l7mqYwyYMD9bKDg==",
      "bin": true
    },
    "detect-libc@2.0.4": {
      "integrity": "sha512-3UDv+G9CsCKO1WKMGw9fwq/SWJYbI0c5Y7LU1AXYoDdbhE2AHQ6N6Nb34sG8Fj7T5APy8qXDCKuuIHd1BR0tVA=="
    },
    "effect@3.17.7": {
      "integrity": "sha512-dpt0ONUn3zzAuul6k4nC/coTTw27AL5nhkORXgTi6NfMPzqWYa1M05oKmOMTxpVSTKepqXVcW9vIwkuaaqx9zA==",
      "dependencies": [
        "@standard-schema/spec",
        "fast-check"
      ]
    },
    "fast-check@3.23.2": {
      "integrity": "sha512-h5+1OzzfCC3Ef7VbtKdcv7zsstUQwUDlYpUTvjeUsJAssPgLn7QzbboPtL5ro04Mq0rPOsMzl7q5hIbRs2wD1A==",
      "dependencies": [
        "pure-rand"
      ]
    },
    "fill-range@7.1.1": {
      "integrity": "sha512-YsGpe3WHLK8ZYi4tWDg2Jy3ebRz2rXowDxnld4bkQB00cc/1Zw9AWnC0i9ztDJitivtQvaI9KaLyKrc+hBW0yg==",
      "dependencies": [
        "to-regex-range"
      ]
    },
    "find-my-way-ts@0.1.6": {
      "integrity": "sha512-a85L9ZoXtNAey3Y6Z+eBWW658kO/MwR7zIafkIUPUMf3isZG0NCs2pjW2wtjxAKuJPxMAsHUIP4ZPGv0o5gyTA=="
    },
    "hono@4.9.0": {
      "integrity": "sha512-JAUc4Sqi3lhby2imRL/67LMcJFKiCu7ZKghM7iwvltVZzxEC5bVJCsAa4NTnSfmWGb+N2eOVtFE586R+K3fejA=="
    },
    "hookable@5.5.3": {
      "integrity": "sha512-Yc+BQe8SvoXH1643Qez1zqLRmbA5rCL+sSmk6TVos0LWVfNIB7PGncdlId77WzLGSIB5KaWgTaNTs2lNVEI6VQ=="
    },
    "is-extglob@2.1.1": {
      "integrity": "sha512-SbKbANkN603Vi4jEZv49LeVJMn4yGwsbzZworEoyEiutsN3nJYdbO36zfhGJ6QEDpOZIFkDtnq5JRxmvl3jsoQ=="
    },
    "is-glob@4.0.3": {
      "integrity": "sha512-xelSayHH36ZgE7ZWhli7pW34hNbNl8Ojv5KVmkJD4hBdD3th8Tfk9vYasLM+mXWOZhFkgZfxhLSnrwRr4elSSg==",
      "dependencies": [
        "is-extglob"
      ]
    },
    "is-number@7.0.0": {
      "integrity": "sha512-41Cifkg6e8TylSpdtTpeLVMqvSBEVzTttHvERD741+pnZ8ANv0004MRL43QKPDlK9cGvNp6NZWZUBlbGXYxxng=="
    },
    "micromatch@4.0.8": {
      "integrity": "sha512-PXwfBhYu0hBCPw8Dn0E+WDYb7af3dSLVWKi3HGv84IdF4TyFoC0ysxFd0Goxw7nSv4T/PzEJQxsYsEiFCKo2BA==",
      "dependencies": [
        "braces",
        "picomatch"
      ]
    },
    "mime@3.0.0": {
      "integrity": "sha512-jSCU7/VB1loIWBZe14aEYHU/+1UMEHoaO7qxCOVJOw9GgH72VAWppxNcjU+x9a2k3GSIBXNKxXQFqRvvZ7vr3A==",
      "bin": true
    },
    "msgpackr-extract@3.0.3": {
      "integrity": "sha512-P0efT1C9jIdVRefqjzOQ9Xml57zpOXnIuS+csaB4MdZbTdmGDLo8XhzBG1N7aO11gKDDkJvBLULeFTo46wwreA==",
      "dependencies": [
        "node-gyp-build-optional-packages"
      ],
      "optionalDependencies": [
        "@msgpackr-extract/msgpackr-extract-darwin-arm64",
        "@msgpackr-extract/msgpackr-extract-darwin-x64",
        "@msgpackr-extract/msgpackr-extract-linux-arm",
        "@msgpackr-extract/msgpackr-extract-linux-arm64",
        "@msgpackr-extract/msgpackr-extract-linux-x64",
        "@msgpackr-extract/msgpackr-extract-win32-x64"
      ],
      "scripts": true,
      "bin": true
    },
    "msgpackr@1.11.5": {
      "integrity": "sha512-UjkUHN0yqp9RWKy0Lplhh+wlpdt9oQBYgULZOiFhV3VclSF1JnSQWZ5r9gORQlNYaUKQoR8itv7g7z1xDDuACA==",
      "optionalDependencies": [
        "msgpackr-extract"
      ]
    },
    "multipasta@0.2.7": {
      "integrity": "sha512-KPA58d68KgGil15oDqXjkUBEBYc00XvbPj5/X+dyzeo/lWm9Nc25pQRlf1D+gv4OpK7NM0J1odrbu9JNNGvynA=="
    },
    "node-addon-api@7.1.1": {
      "integrity": "sha512-5m3bsyrjFWE1xf7nz7YXdN4udnVtXK6/Yfgn5qnahL6bCkf2yKt4k3nuTKAtT4r3IG8JNR2ncsIMdZuAzJjHQQ=="
    },
    "node-gyp-build-optional-packages@5.2.2": {
      "integrity": "sha512-s+w+rBWnpTMwSFbaE0UXsRlg7hU4FjekKU4eyAih5T8nJuNZT1nNsskXpxmeqSK9UzkBl6UgRlnKc8hz8IEqOw==",
      "dependencies": [
        "detect-libc@2.0.4"
      ],
      "bin": true
    },
    "openapi3-ts@4.5.0": {
      "integrity": "sha512-jaL+HgTq2Gj5jRcfdutgRGLosCy/hT8sQf6VOy+P+g36cZOjI1iukdPnijC+4CmeRzg/jEllJUboEic2FhxhtQ==",
      "dependencies": [
        "yaml"
      ]
    },
    "picomatch@2.3.1": {
      "integrity": "sha512-JU3teHTNjmE2VCGFzuY8EXzCDVwEqB2a8fsIvwaStHhAWJEeVd1o1QD80CU6+ZdEXXSLbSsuLwJjkCBWqRQUVA=="
    },
    "pure-rand@6.1.0": {
      "integrity": "sha512-bVWawvoZoBYpp6yIoQtQXHZjmz35RSVHnUOTefl8Vcjr8snTPY1wnpSPMWekcFwbxI6gtmT7rSYPFvz71ldiOA=="
    },
    "to-regex-range@5.0.1": {
      "integrity": "sha512-65P7iz6X5yEr1cwcgvQxbbIw7Uk3gOy5dIdtZ4rDveLqhrdJP+Li/Hx6tyK0NEb+2GCyneCMJiGqrADCSNk8sQ==",
      "dependencies": [
        "is-number"
      ]
    },
    "undici-types@6.21.0": {
      "integrity": "sha512-iwDZqg0QAGrg9Rav5H4n0M64c3mkR59cJ6wQp+7C4nI0gsmExaedaYLNO44eT4AtBBwjbTiGPMlt2Md0T9H9JQ=="
    },
    "undici@7.13.0": {
      "integrity": "sha512-l+zSMssRqrzDcb3fjMkjjLGmuiiK2pMIcV++mJaAc9vhjSGpvM7h43QgP+OAMb1GImHmbPyG2tBXeuyG5iY4gA=="
    },
    "uuid@11.1.0": {
      "integrity": "sha512-0/A9rDy9P7cJ+8w1c9WD9V//9Wj15Ce2MPz8Ri6032usz+NfePxx5AcN3bN+r6ZL6jEo066/yNYB3tn4pQEx+A==",
      "bin": true
    },
    "ws@8.18.3": {
      "integrity": "sha512-PEIGCY5tSlUt50cqyMXfCzX+oOPqN0vuGqWzbcJ2xvnkzkq46oOpz7dQaTDBdfICb4N14+GARUDw2XV2N4tvzg=="
    },
    "yaml@2.8.1": {
      "integrity": "sha512-lcYcMxX2PO9XMGvAJkJ3OsNMw+/7FKes7/hgerGUYWIoWu5j/+YQqcZr5JnPZWzOsEBgMbSbiSTn/dv/69Mkpw==",
      "bin": true
    },
    "zhead@2.2.4": {
      "integrity": "sha512-8F0OI5dpWIA5IGG5NHUg9staDwz/ZPxZtvGVf01j7vHqSyZ0raHY+78atOVxRqb73AotX22uV1pXt3gYSstGag=="
    },
    "zod@3.25.76": {
      "integrity": "sha512-gzUt/qt81nXsFGKIFcC3YnfEAx5NkunCfnDlvuBSSFS02bcXu4Lmea0AFIUwbLWxWPx3d9p8S5QoaujKcNQxcQ=="
    }
  },
  "workspace": {
    "dependencies": [
      "jsr:@floq/floq@^0.0.2",
      "jsr:@floq/scheduler@^0.0.1",
      "jsr:@std/assert@1",
      "npm:@effect/platform-node@0.91",
      "npm:@effect/platform@~0.88.1",
      "npm:@hono/zod-openapi@~0.18.3",
      "npm:@scalar/hono-api-reference@~0.5.184",
      "npm:effect@^3.16.16",
      "npm:hono@^4.6.13"
    ]
  }
}
